// !$*UTF8*$!
{
	archiveVersion = 1;
	classes = {
	};
	objectVersion = 48;
	objects = {

/* Begin PBXBuildFile section */
		5F0722B52069CEB300582BC1 /* AppDelegate.swift in Sources */ = {isa = PBXBuildFile; fileRef = 5F0722B42069CEB300582BC1 /* AppDelegate.swift */; };
		5F0722B72069CEB300582BC1 /* ViewController.swift in Sources */ = {isa = PBXBuildFile; fileRef = 5F0722B62069CEB300582BC1 /* ViewController.swift */; };
		5F0722BA2069CEB300582BC1 /* Main.storyboard in Resources */ = {isa = PBXBuildFile; fileRef = 5F0722B82069CEB300582BC1 /* Main.storyboard */; };
		5F0722BC2069CEB300582BC1 /* Assets.xcassets in Resources */ = {isa = PBXBuildFile; fileRef = 5F0722BB2069CEB300582BC1 /* Assets.xcassets */; };
		5F0722BF2069CEB300582BC1 /* LaunchScreen.storyboard in Resources */ = {isa = PBXBuildFile; fileRef = 5F0722BD2069CEB300582BC1 /* LaunchScreen.storyboard */; };
		5F0722CA2069CEB300582BC1 /* mobile_coding_challengeTests.swift in Sources */ = {isa = PBXBuildFile; fileRef = 5F0722C92069CEB300582BC1 /* mobile_coding_challengeTests.swift */; };
		5F0722D52069CEB300582BC1 /* mobile_coding_challengeUITests.swift in Sources */ = {isa = PBXBuildFile; fileRef = 5F0722D42069CEB300582BC1 /* mobile_coding_challengeUITests.swift */; };
		5F0722E42069E26900582BC1 /* APIRouterProtocol.swift in Sources */ = {isa = PBXBuildFile; fileRef = 5F0722E32069E26900582BC1 /* APIRouterProtocol.swift */; };
		5F0722E62069E2F800582BC1 /* APIServiceProtocol.swift in Sources */ = {isa = PBXBuildFile; fileRef = 5F0722E52069E2F800582BC1 /* APIServiceProtocol.swift */; };
		5F0722E82069F18500582BC1 /* PhotoRouter.swift in Sources */ = {isa = PBXBuildFile; fileRef = 5F0722E72069F18500582BC1 /* PhotoRouter.swift */; };
		5F0722EA2069F19900582BC1 /* PhotoAPIService.swift in Sources */ = {isa = PBXBuildFile; fileRef = 5F0722E92069F19900582BC1 /* PhotoAPIService.swift */; };
		5F0722EF2069F3B800582BC1 /* Constants.swift in Sources */ = {isa = PBXBuildFile; fileRef = 5F0722EE2069F3B800582BC1 /* Constants.swift */; };
		5F0722F12069F90000582BC1 /* Photo.swift in Sources */ = {isa = PBXBuildFile; fileRef = 5F0722F02069F90000582BC1 /* Photo.swift */; };
		5F0722F32069FA6C00582BC1 /* User.swift in Sources */ = {isa = PBXBuildFile; fileRef = 5F0722F22069FA6C00582BC1 /* User.swift */; };
		5F0722F62069FEE100582BC1 /* DateFormatter.swift in Sources */ = {isa = PBXBuildFile; fileRef = 5F0722F52069FEE100582BC1 /* DateFormatter.swift */; };
		5F0722FA206A15D100582BC1 /* PhotoDetail.swift in Sources */ = {isa = PBXBuildFile; fileRef = 5F0722F9206A15D100582BC1 /* PhotoDetail.swift */; };
		5F0722FC206A272C00582BC1 /* CollectionViewController.swift in Sources */ = {isa = PBXBuildFile; fileRef = 5F0722FB206A272C00582BC1 /* CollectionViewController.swift */; };
		5F0722FF206A295B00582BC1 /* CollectionViewCell.swift in Sources */ = {isa = PBXBuildFile; fileRef = 5F0722FE206A295B00582BC1 /* CollectionViewCell.swift */; };
		5F072304206A2AC900582BC1 /* UIFont+Extension.swift in Sources */ = {isa = PBXBuildFile; fileRef = 5F072303206A2AC900582BC1 /* UIFont+Extension.swift */; };
		5F072306206A2B6700582BC1 /* UIImageView+Extension.swift in Sources */ = {isa = PBXBuildFile; fileRef = 5F072305206A2B6700582BC1 /* UIImageView+Extension.swift */; };
		5F072308206A2F8800582BC1 /* UIColor+Extension.swift in Sources */ = {isa = PBXBuildFile; fileRef = 5F072307206A2F8800582BC1 /* UIColor+Extension.swift */; };
		5F07230A206A2FF700582BC1 /* String+Extension.swift in Sources */ = {isa = PBXBuildFile; fileRef = 5F072309206A2FF700582BC1 /* String+Extension.swift */; };
		5F072310206A913A00582BC1 /* UIImage+Extension.swift in Sources */ = {isa = PBXBuildFile; fileRef = 5F07230F206A913A00582BC1 /* UIImage+Extension.swift */; };
		5F072312206A994500582BC1 /* UIView+Extension.swift in Sources */ = {isa = PBXBuildFile; fileRef = 5F072311206A994500582BC1 /* UIView+Extension.swift */; };
		5F072315206BEBB000582BC1 /* DismissAnimator.swift in Sources */ = {isa = PBXBuildFile; fileRef = 5F072314206BEBB000582BC1 /* DismissAnimator.swift */; };
		5F072317206BF1C500582BC1 /* DimmingPresentationController.swift in Sources */ = {isa = PBXBuildFile; fileRef = 5F072316206BF1C500582BC1 /* DimmingPresentationController.swift */; };
		5F072319206BF23A00582BC1 /* PresentAnimator.swift in Sources */ = {isa = PBXBuildFile; fileRef = 5F072318206BF23A00582BC1 /* PresentAnimator.swift */; };
		5F07231B206BF38000582BC1 /* ViewControllerProtocol.swift in Sources */ = {isa = PBXBuildFile; fileRef = 5F07231A206BF38000582BC1 /* ViewControllerProtocol.swift */; };
		5F69944F206F5BB000B8980F /* SwiftPhotoGallery.swift in Sources */ = {isa = PBXBuildFile; fileRef = 5F69944D206F5BB000B8980F /* SwiftPhotoGallery.swift */; };
		5F699454206F5BF700B8980F /* DetailCollectionViewCell.swift in Sources */ = {isa = PBXBuildFile; fileRef = 5F699452206F5BF700B8980F /* DetailCollectionViewCell.swift */; };
		5F699455206F5BF700B8980F /* DetailCollectionViewCell.xib in Resources */ = {isa = PBXBuildFile; fileRef = 5F699453206F5BF700B8980F /* DetailCollectionViewCell.xib */; };
		858D6BC6A1858473EF873ED8 /* Pods_mobile_coding_challengeUITests.framework in Frameworks */ = {isa = PBXBuildFile; fileRef = D7C1965B3C106E87689211AE /* Pods_mobile_coding_challengeUITests.framework */; };
		88AD44487759CDCCAD60A6D5 /* Pods_mobile_coding_challenge.framework in Frameworks */ = {isa = PBXBuildFile; fileRef = AE520D4700C09F7B529C8BD2 /* Pods_mobile_coding_challenge.framework */; };
		A3C3213F8167B856B5EC44B3 /* Pods_mobile_coding_challengeTests.framework in Frameworks */ = {isa = PBXBuildFile; fileRef = 14B4AAE6F439E38D91E411B3 /* Pods_mobile_coding_challengeTests.framework */; };
/* End PBXBuildFile section */

/* Begin PBXContainerItemProxy section */
		5F0722C62069CEB300582BC1 /* PBXContainerItemProxy */ = {
			isa = PBXContainerItemProxy;
			containerPortal = 5F0722A92069CEB300582BC1 /* Project object */;
			proxyType = 1;
			remoteGlobalIDString = 5F0722B02069CEB300582BC1;
			remoteInfo = "mobile-coding-challenge";
		};
		5F0722D12069CEB300582BC1 /* PBXContainerItemProxy */ = {
			isa = PBXContainerItemProxy;
			containerPortal = 5F0722A92069CEB300582BC1 /* Project object */;
			proxyType = 1;
			remoteGlobalIDString = 5F0722B02069CEB300582BC1;
			remoteInfo = "mobile-coding-challenge";
		};
/* End PBXContainerItemProxy section */

/* Begin PBXFileReference section */
		0936C06E0D85D278B0C0C3A0 /* Pods-mobile-coding-challengeUITests.release.xcconfig */ = {isa = PBXFileReference; includeInIndex = 1; lastKnownFileType = text.xcconfig; name = "Pods-mobile-coding-challengeUITests.release.xcconfig"; path = "Pods/Target Support Files/Pods-mobile-coding-challengeUITests/Pods-mobile-coding-challengeUITests.release.xcconfig"; sourceTree = "<group>"; };
		14B4AAE6F439E38D91E411B3 /* Pods_mobile_coding_challengeTests.framework */ = {isa = PBXFileReference; explicitFileType = wrapper.framework; includeInIndex = 0; path = Pods_mobile_coding_challengeTests.framework; sourceTree = BUILT_PRODUCTS_DIR; };
		4B2F8EFC080D236125A35E22 /* Pods-mobile-coding-challenge.debug.xcconfig */ = {isa = PBXFileReference; includeInIndex = 1; lastKnownFileType = text.xcconfig; name = "Pods-mobile-coding-challenge.debug.xcconfig"; path = "Pods/Target Support Files/Pods-mobile-coding-challenge/Pods-mobile-coding-challenge.debug.xcconfig"; sourceTree = "<group>"; };
		5F0722B12069CEB300582BC1 /* mobile-coding-challenge.app */ = {isa = PBXFileReference; explicitFileType = wrapper.application; includeInIndex = 0; path = "mobile-coding-challenge.app"; sourceTree = BUILT_PRODUCTS_DIR; };
		5F0722B42069CEB300582BC1 /* AppDelegate.swift */ = {isa = PBXFileReference; lastKnownFileType = sourcecode.swift; path = AppDelegate.swift; sourceTree = "<group>"; };
		5F0722B62069CEB300582BC1 /* ViewController.swift */ = {isa = PBXFileReference; lastKnownFileType = sourcecode.swift; path = ViewController.swift; sourceTree = "<group>"; };
		5F0722B92069CEB300582BC1 /* Base */ = {isa = PBXFileReference; lastKnownFileType = file.storyboard; name = Base; path = Base.lproj/Main.storyboard; sourceTree = "<group>"; };
		5F0722BB2069CEB300582BC1 /* Assets.xcassets */ = {isa = PBXFileReference; lastKnownFileType = folder.assetcatalog; path = Assets.xcassets; sourceTree = "<group>"; };
		5F0722BE2069CEB300582BC1 /* Base */ = {isa = PBXFileReference; lastKnownFileType = file.storyboard; name = Base; path = Base.lproj/LaunchScreen.storyboard; sourceTree = "<group>"; };
		5F0722C02069CEB300582BC1 /* Info.plist */ = {isa = PBXFileReference; lastKnownFileType = text.plist.xml; path = Info.plist; sourceTree = "<group>"; };
		5F0722C52069CEB300582BC1 /* mobile-coding-challengeTests.xctest */ = {isa = PBXFileReference; explicitFileType = wrapper.cfbundle; includeInIndex = 0; path = "mobile-coding-challengeTests.xctest"; sourceTree = BUILT_PRODUCTS_DIR; };
		5F0722C92069CEB300582BC1 /* mobile_coding_challengeTests.swift */ = {isa = PBXFileReference; lastKnownFileType = sourcecode.swift; path = mobile_coding_challengeTests.swift; sourceTree = "<group>"; };
		5F0722CB2069CEB300582BC1 /* Info.plist */ = {isa = PBXFileReference; lastKnownFileType = text.plist.xml; path = Info.plist; sourceTree = "<group>"; };
		5F0722D02069CEB300582BC1 /* mobile-coding-challengeUITests.xctest */ = {isa = PBXFileReference; explicitFileType = wrapper.cfbundle; includeInIndex = 0; path = "mobile-coding-challengeUITests.xctest"; sourceTree = BUILT_PRODUCTS_DIR; };
		5F0722D42069CEB300582BC1 /* mobile_coding_challengeUITests.swift */ = {isa = PBXFileReference; lastKnownFileType = sourcecode.swift; path = mobile_coding_challengeUITests.swift; sourceTree = "<group>"; };
		5F0722D62069CEB300582BC1 /* Info.plist */ = {isa = PBXFileReference; lastKnownFileType = text.plist.xml; path = Info.plist; sourceTree = "<group>"; };
		5F0722E32069E26900582BC1 /* APIRouterProtocol.swift */ = {isa = PBXFileReference; lastKnownFileType = sourcecode.swift; path = APIRouterProtocol.swift; sourceTree = "<group>"; };
		5F0722E52069E2F800582BC1 /* APIServiceProtocol.swift */ = {isa = PBXFileReference; lastKnownFileType = sourcecode.swift; path = APIServiceProtocol.swift; sourceTree = "<group>"; };
		5F0722E72069F18500582BC1 /* PhotoRouter.swift */ = {isa = PBXFileReference; lastKnownFileType = sourcecode.swift; path = PhotoRouter.swift; sourceTree = "<group>"; };
		5F0722E92069F19900582BC1 /* PhotoAPIService.swift */ = {isa = PBXFileReference; lastKnownFileType = sourcecode.swift; path = PhotoAPIService.swift; sourceTree = "<group>"; };
		5F0722EE2069F3B800582BC1 /* Constants.swift */ = {isa = PBXFileReference; lastKnownFileType = sourcecode.swift; path = Constants.swift; sourceTree = "<group>"; };
		5F0722F02069F90000582BC1 /* Photo.swift */ = {isa = PBXFileReference; lastKnownFileType = sourcecode.swift; path = Photo.swift; sourceTree = "<group>"; };
		5F0722F22069FA6C00582BC1 /* User.swift */ = {isa = PBXFileReference; lastKnownFileType = sourcecode.swift; path = User.swift; sourceTree = "<group>"; };
		5F0722F52069FEE100582BC1 /* DateFormatter.swift */ = {isa = PBXFileReference; lastKnownFileType = sourcecode.swift; path = DateFormatter.swift; sourceTree = "<group>"; };
		5F0722F9206A15D100582BC1 /* PhotoDetail.swift */ = {isa = PBXFileReference; lastKnownFileType = sourcecode.swift; path = PhotoDetail.swift; sourceTree = "<group>"; };
		5F0722FB206A272C00582BC1 /* CollectionViewController.swift */ = {isa = PBXFileReference; lastKnownFileType = sourcecode.swift; path = CollectionViewController.swift; sourceTree = "<group>"; };
		5F0722FE206A295B00582BC1 /* CollectionViewCell.swift */ = {isa = PBXFileReference; lastKnownFileType = sourcecode.swift; path = CollectionViewCell.swift; sourceTree = "<group>"; };
		5F072303206A2AC900582BC1 /* UIFont+Extension.swift */ = {isa = PBXFileReference; lastKnownFileType = sourcecode.swift; path = "UIFont+Extension.swift"; sourceTree = "<group>"; };
		5F072305206A2B6700582BC1 /* UIImageView+Extension.swift */ = {isa = PBXFileReference; lastKnownFileType = sourcecode.swift; path = "UIImageView+Extension.swift"; sourceTree = "<group>"; };
		5F072307206A2F8800582BC1 /* UIColor+Extension.swift */ = {isa = PBXFileReference; lastKnownFileType = sourcecode.swift; path = "UIColor+Extension.swift"; sourceTree = "<group>"; };
		5F072309206A2FF700582BC1 /* String+Extension.swift */ = {isa = PBXFileReference; lastKnownFileType = sourcecode.swift; path = "String+Extension.swift"; sourceTree = "<group>"; };
		5F07230F206A913A00582BC1 /* UIImage+Extension.swift */ = {isa = PBXFileReference; lastKnownFileType = sourcecode.swift; path = "UIImage+Extension.swift"; sourceTree = "<group>"; };
		5F072311206A994500582BC1 /* UIView+Extension.swift */ = {isa = PBXFileReference; lastKnownFileType = sourcecode.swift; path = "UIView+Extension.swift"; sourceTree = "<group>"; };
		5F072314206BEBB000582BC1 /* DismissAnimator.swift */ = {isa = PBXFileReference; lastKnownFileType = sourcecode.swift; path = DismissAnimator.swift; sourceTree = "<group>"; };
		5F072316206BF1C500582BC1 /* DimmingPresentationController.swift */ = {isa = PBXFileReference; lastKnownFileType = sourcecode.swift; path = DimmingPresentationController.swift; sourceTree = "<group>"; };
		5F072318206BF23A00582BC1 /* PresentAnimator.swift */ = {isa = PBXFileReference; lastKnownFileType = sourcecode.swift; path = PresentAnimator.swift; sourceTree = "<group>"; };
		5F07231A206BF38000582BC1 /* ViewControllerProtocol.swift */ = {isa = PBXFileReference; lastKnownFileType = sourcecode.swift; path = ViewControllerProtocol.swift; sourceTree = "<group>"; };
		5F69944D206F5BB000B8980F /* SwiftPhotoGallery.swift */ = {isa = PBXFileReference; fileEncoding = 4; lastKnownFileType = sourcecode.swift; path = SwiftPhotoGallery.swift; sourceTree = "<group>"; };
		5F699452206F5BF700B8980F /* DetailCollectionViewCell.swift */ = {isa = PBXFileReference; lastKnownFileType = sourcecode.swift; path = DetailCollectionViewCell.swift; sourceTree = "<group>"; };
		5F699453206F5BF700B8980F /* DetailCollectionViewCell.xib */ = {isa = PBXFileReference; lastKnownFileType = file.xib; path = DetailCollectionViewCell.xib; sourceTree = "<group>"; };
		605F0893D005125819F3ADAB /* Pods-mobile-coding-challenge.release.xcconfig */ = {isa = PBXFileReference; includeInIndex = 1; lastKnownFileType = text.xcconfig; name = "Pods-mobile-coding-challenge.release.xcconfig"; path = "Pods/Target Support Files/Pods-mobile-coding-challenge/Pods-mobile-coding-challenge.release.xcconfig"; sourceTree = "<group>"; };
		92F4879D04B5ED432F7D77AD /* Pods-mobile-coding-challengeTests.release.xcconfig */ = {isa = PBXFileReference; includeInIndex = 1; lastKnownFileType = text.xcconfig; name = "Pods-mobile-coding-challengeTests.release.xcconfig"; path = "Pods/Target Support Files/Pods-mobile-coding-challengeTests/Pods-mobile-coding-challengeTests.release.xcconfig"; sourceTree = "<group>"; };
		AE520D4700C09F7B529C8BD2 /* Pods_mobile_coding_challenge.framework */ = {isa = PBXFileReference; explicitFileType = wrapper.framework; includeInIndex = 0; path = Pods_mobile_coding_challenge.framework; sourceTree = BUILT_PRODUCTS_DIR; };
		CAEA61EDB20348B0B2473B03 /* Pods-mobile-coding-challengeTests.debug.xcconfig */ = {isa = PBXFileReference; includeInIndex = 1; lastKnownFileType = text.xcconfig; name = "Pods-mobile-coding-challengeTests.debug.xcconfig"; path = "Pods/Target Support Files/Pods-mobile-coding-challengeTests/Pods-mobile-coding-challengeTests.debug.xcconfig"; sourceTree = "<group>"; };
		D364A04AA5A4CA69BA51C2AD /* Pods-mobile-coding-challengeUITests.debug.xcconfig */ = {isa = PBXFileReference; includeInIndex = 1; lastKnownFileType = text.xcconfig; name = "Pods-mobile-coding-challengeUITests.debug.xcconfig"; path = "Pods/Target Support Files/Pods-mobile-coding-challengeUITests/Pods-mobile-coding-challengeUITests.debug.xcconfig"; sourceTree = "<group>"; };
		D7C1965B3C106E87689211AE /* Pods_mobile_coding_challengeUITests.framework */ = {isa = PBXFileReference; explicitFileType = wrapper.framework; includeInIndex = 0; path = Pods_mobile_coding_challengeUITests.framework; sourceTree = BUILT_PRODUCTS_DIR; };
/* End PBXFileReference section */

/* Begin PBXFrameworksBuildPhase section */
		5F0722AE2069CEB300582BC1 /* Frameworks */ = {
			isa = PBXFrameworksBuildPhase;
			buildActionMask = 2147483647;
			files = (
				88AD44487759CDCCAD60A6D5 /* Pods_mobile_coding_challenge.framework in Frameworks */,
			);
			runOnlyForDeploymentPostprocessing = 0;
		};
		5F0722C22069CEB300582BC1 /* Frameworks */ = {
			isa = PBXFrameworksBuildPhase;
			buildActionMask = 2147483647;
			files = (
				A3C3213F8167B856B5EC44B3 /* Pods_mobile_coding_challengeTests.framework in Frameworks */,
			);
			runOnlyForDeploymentPostprocessing = 0;
		};
		5F0722CD2069CEB300582BC1 /* Frameworks */ = {
			isa = PBXFrameworksBuildPhase;
			buildActionMask = 2147483647;
			files = (
				858D6BC6A1858473EF873ED8 /* Pods_mobile_coding_challengeUITests.framework in Frameworks */,
			);
			runOnlyForDeploymentPostprocessing = 0;
		};
/* End PBXFrameworksBuildPhase section */

/* Begin PBXGroup section */
		2BA4D82F5970220EDFB4500B /* Pods */ = {
			isa = PBXGroup;
			children = (
				4B2F8EFC080D236125A35E22 /* Pods-mobile-coding-challenge.debug.xcconfig */,
				605F0893D005125819F3ADAB /* Pods-mobile-coding-challenge.release.xcconfig */,
				CAEA61EDB20348B0B2473B03 /* Pods-mobile-coding-challengeTests.debug.xcconfig */,
				92F4879D04B5ED432F7D77AD /* Pods-mobile-coding-challengeTests.release.xcconfig */,
				D364A04AA5A4CA69BA51C2AD /* Pods-mobile-coding-challengeUITests.debug.xcconfig */,
				0936C06E0D85D278B0C0C3A0 /* Pods-mobile-coding-challengeUITests.release.xcconfig */,
			);
			name = Pods;
			sourceTree = "<group>";
		};
		5F0722A82069CEB300582BC1 = {
			isa = PBXGroup;
			children = (
				5F0722B32069CEB300582BC1 /* mobile-coding-challenge */,
				5F0722C82069CEB300582BC1 /* mobile-coding-challengeTests */,
				5F0722D32069CEB300582BC1 /* mobile-coding-challengeUITests */,
				5F0722B22069CEB300582BC1 /* Products */,
				2BA4D82F5970220EDFB4500B /* Pods */,
				D5B55C2CACA1E6A360442F0E /* Frameworks */,
			);
			sourceTree = "<group>";
		};
		5F0722B22069CEB300582BC1 /* Products */ = {
			isa = PBXGroup;
			children = (
				5F0722B12069CEB300582BC1 /* mobile-coding-challenge.app */,
				5F0722C52069CEB300582BC1 /* mobile-coding-challengeTests.xctest */,
				5F0722D02069CEB300582BC1 /* mobile-coding-challengeUITests.xctest */,
			);
			name = Products;
			sourceTree = "<group>";
		};
		5F0722B32069CEB300582BC1 /* mobile-coding-challenge */ = {
			isa = PBXGroup;
			children = (
				5F072302206A2AAF00582BC1 /* Extensions */,
				5F0722F42069FED100582BC1 /* Utility */,
				5F0722ED2069F29700582BC1 /* APP */,
				5F0722E22069E17F00582BC1 /* NetworkManager */,
				5F0722EB2069F1D500582BC1 /* Model */,
				5F0722EC2069F1D900582BC1 /* Controller */,
				5F0722FD206A292F00582BC1 /* Subviews */,
				5F0722B42069CEB300582BC1 /* AppDelegate.swift */,
				5F0722B62069CEB300582BC1 /* ViewController.swift */,
				5F0722B82069CEB300582BC1 /* Main.storyboard */,
				5F0722BB2069CEB300582BC1 /* Assets.xcassets */,
				5F0722BD2069CEB300582BC1 /* LaunchScreen.storyboard */,
				5F0722C02069CEB300582BC1 /* Info.plist */,
			);
			path = "mobile-coding-challenge";
			sourceTree = "<group>";
		};
		5F0722C82069CEB300582BC1 /* mobile-coding-challengeTests */ = {
			isa = PBXGroup;
			children = (
				5F0722C92069CEB300582BC1 /* mobile_coding_challengeTests.swift */,
				5F0722CB2069CEB300582BC1 /* Info.plist */,
			);
			path = "mobile-coding-challengeTests";
			sourceTree = "<group>";
		};
		5F0722D32069CEB300582BC1 /* mobile-coding-challengeUITests */ = {
			isa = PBXGroup;
			children = (
				5F0722D42069CEB300582BC1 /* mobile_coding_challengeUITests.swift */,
				5F0722D62069CEB300582BC1 /* Info.plist */,
			);
			path = "mobile-coding-challengeUITests";
			sourceTree = "<group>";
		};
		5F0722E22069E17F00582BC1 /* NetworkManager */ = {
			isa = PBXGroup;
			children = (
				5F0722E32069E26900582BC1 /* APIRouterProtocol.swift */,
				5F0722E52069E2F800582BC1 /* APIServiceProtocol.swift */,
				5F0722E72069F18500582BC1 /* PhotoRouter.swift */,
				5F0722E92069F19900582BC1 /* PhotoAPIService.swift */,
			);
			path = NetworkManager;
			sourceTree = "<group>";
		};
		5F0722EB2069F1D500582BC1 /* Model */ = {
			isa = PBXGroup;
			children = (
				5F0722F02069F90000582BC1 /* Photo.swift */,
				5F0722F22069FA6C00582BC1 /* User.swift */,
				5F0722F9206A15D100582BC1 /* PhotoDetail.swift */,
			);
			path = Model;
			sourceTree = "<group>";
		};
		5F0722EC2069F1D900582BC1 /* Controller */ = {
			isa = PBXGroup;
			children = (
				5F69944D206F5BB000B8980F /* SwiftPhotoGallery.swift */,
				5F07231A206BF38000582BC1 /* ViewControllerProtocol.swift */,
				5F0722FB206A272C00582BC1 /* CollectionViewController.swift */,
			);
			path = Controller;
			sourceTree = "<group>";
		};
		5F0722ED2069F29700582BC1 /* APP */ = {
			isa = PBXGroup;
			children = (
				5F0722EE2069F3B800582BC1 /* Constants.swift */,
			);
			path = APP;
			sourceTree = "<group>";
		};
		5F0722F42069FED100582BC1 /* Utility */ = {
			isa = PBXGroup;
			children = (
				5F072313206BEB7E00582BC1 /* Transitions */,
				5F0722F52069FEE100582BC1 /* DateFormatter.swift */,
			);
			path = Utility;
			sourceTree = "<group>";
		};
		5F0722FD206A292F00582BC1 /* Subviews */ = {
			isa = PBXGroup;
			children = (
				5F0722FE206A295B00582BC1 /* CollectionViewCell.swift */,
				5F699452206F5BF700B8980F /* DetailCollectionViewCell.swift */,
				5F699453206F5BF700B8980F /* DetailCollectionViewCell.xib */,
			);
			path = Subviews;
			sourceTree = "<group>";
		};
		5F072302206A2AAF00582BC1 /* Extensions */ = {
			isa = PBXGroup;
			children = (
				5F072303206A2AC900582BC1 /* UIFont+Extension.swift */,
				5F072305206A2B6700582BC1 /* UIImageView+Extension.swift */,
				5F072307206A2F8800582BC1 /* UIColor+Extension.swift */,
				5F072309206A2FF700582BC1 /* String+Extension.swift */,
				5F07230F206A913A00582BC1 /* UIImage+Extension.swift */,
				5F072311206A994500582BC1 /* UIView+Extension.swift */,
			);
			path = Extensions;
			sourceTree = "<group>";
		};
		5F072313206BEB7E00582BC1 /* Transitions */ = {
			isa = PBXGroup;
			children = (
				5F072318206BF23A00582BC1 /* PresentAnimator.swift */,
				5F072314206BEBB000582BC1 /* DismissAnimator.swift */,
				5F072316206BF1C500582BC1 /* DimmingPresentationController.swift */,
			);
			path = Transitions;
			sourceTree = "<group>";
		};
		D5B55C2CACA1E6A360442F0E /* Frameworks */ = {
			isa = PBXGroup;
			children = (
				AE520D4700C09F7B529C8BD2 /* Pods_mobile_coding_challenge.framework */,
				14B4AAE6F439E38D91E411B3 /* Pods_mobile_coding_challengeTests.framework */,
				D7C1965B3C106E87689211AE /* Pods_mobile_coding_challengeUITests.framework */,
			);
			name = Frameworks;
			sourceTree = "<group>";
		};
/* End PBXGroup section */

/* Begin PBXNativeTarget section */
		5F0722B02069CEB300582BC1 /* mobile-coding-challenge */ = {
			isa = PBXNativeTarget;
			buildConfigurationList = 5F0722D92069CEB300582BC1 /* Build configuration list for PBXNativeTarget "mobile-coding-challenge" */;
			buildPhases = (
				B0AF55FA2DD00224AA5AC9A8 /* [CP] Check Pods Manifest.lock */,
				5F0722AD2069CEB300582BC1 /* Sources */,
				5F0722AE2069CEB300582BC1 /* Frameworks */,
				5F0722AF2069CEB300582BC1 /* Resources */,
				296AC9EEB982E82EF3AEB327 /* [CP] Embed Pods Frameworks */,
				6B796206992EFA4F850D6568 /* [CP] Copy Pods Resources */,
			);
			buildRules = (
			);
			dependencies = (
			);
			name = "mobile-coding-challenge";
			productName = "mobile-coding-challenge";
			productReference = 5F0722B12069CEB300582BC1 /* mobile-coding-challenge.app */;
			productType = "com.apple.product-type.application";
		};
		5F0722C42069CEB300582BC1 /* mobile-coding-challengeTests */ = {
			isa = PBXNativeTarget;
			buildConfigurationList = 5F0722DC2069CEB300582BC1 /* Build configuration list for PBXNativeTarget "mobile-coding-challengeTests" */;
			buildPhases = (
				62FAA0D3B5E75760FB03F770 /* [CP] Check Pods Manifest.lock */,
				5F0722C12069CEB300582BC1 /* Sources */,
				5F0722C22069CEB300582BC1 /* Frameworks */,
				5F0722C32069CEB300582BC1 /* Resources */,
				1B588CC4A5539B30C308D60F /* [CP] Embed Pods Frameworks */,
				ADFDAE64822E1211E8BBD6A4 /* [CP] Copy Pods Resources */,
			);
			buildRules = (
			);
			dependencies = (
				5F0722C72069CEB300582BC1 /* PBXTargetDependency */,
			);
			name = "mobile-coding-challengeTests";
			productName = "mobile-coding-challengeTests";
			productReference = 5F0722C52069CEB300582BC1 /* mobile-coding-challengeTests.xctest */;
			productType = "com.apple.product-type.bundle.unit-test";
		};
		5F0722CF2069CEB300582BC1 /* mobile-coding-challengeUITests */ = {
			isa = PBXNativeTarget;
			buildConfigurationList = 5F0722DF2069CEB300582BC1 /* Build configuration list for PBXNativeTarget "mobile-coding-challengeUITests" */;
			buildPhases = (
				508C6FC56A75CA76DB76BA5B /* [CP] Check Pods Manifest.lock */,
				5F0722CC2069CEB300582BC1 /* Sources */,
				5F0722CD2069CEB300582BC1 /* Frameworks */,
				5F0722CE2069CEB300582BC1 /* Resources */,
				89FC83BFAEBE521551C80D9F /* [CP] Embed Pods Frameworks */,
				5D6B1576EA89A2B06EFC1026 /* [CP] Copy Pods Resources */,
			);
			buildRules = (
			);
			dependencies = (
				5F0722D22069CEB300582BC1 /* PBXTargetDependency */,
			);
			name = "mobile-coding-challengeUITests";
			productName = "mobile-coding-challengeUITests";
			productReference = 5F0722D02069CEB300582BC1 /* mobile-coding-challengeUITests.xctest */;
			productType = "com.apple.product-type.bundle.ui-testing";
		};
/* End PBXNativeTarget section */

/* Begin PBXProject section */
		5F0722A92069CEB300582BC1 /* Project object */ = {
			isa = PBXProject;
			attributes = {
				LastSwiftUpdateCheck = 0920;
				LastUpgradeCheck = 0920;
				ORGANIZATIONNAME = "FEI DONG";
				TargetAttributes = {
					5F0722B02069CEB300582BC1 = {
						CreatedOnToolsVersion = 9.2;
						ProvisioningStyle = Manual;
					};
					5F0722C42069CEB300582BC1 = {
						CreatedOnToolsVersion = 9.2;
						ProvisioningStyle = Automatic;
						TestTargetID = 5F0722B02069CEB300582BC1;
					};
					5F0722CF2069CEB300582BC1 = {
						CreatedOnToolsVersion = 9.2;
						ProvisioningStyle = Automatic;
						TestTargetID = 5F0722B02069CEB300582BC1;
					};
				};
			};
			buildConfigurationList = 5F0722AC2069CEB300582BC1 /* Build configuration list for PBXProject "mobile-coding-challenge" */;
			compatibilityVersion = "Xcode 8.0";
			developmentRegion = en;
			hasScannedForEncodings = 0;
			knownRegions = (
				en,
				Base,
			);
			mainGroup = 5F0722A82069CEB300582BC1;
			productRefGroup = 5F0722B22069CEB300582BC1 /* Products */;
			projectDirPath = "";
			projectRoot = "";
			targets = (
				5F0722B02069CEB300582BC1 /* mobile-coding-challenge */,
				5F0722C42069CEB300582BC1 /* mobile-coding-challengeTests */,
				5F0722CF2069CEB300582BC1 /* mobile-coding-challengeUITests */,
			);
		};
/* End PBXProject section */

/* Begin PBXResourcesBuildPhase section */
		5F0722AF2069CEB300582BC1 /* Resources */ = {
			isa = PBXResourcesBuildPhase;
			buildActionMask = 2147483647;
			files = (
				5F0722BF2069CEB300582BC1 /* LaunchScreen.storyboard in Resources */,
				5F0722BC2069CEB300582BC1 /* Assets.xcassets in Resources */,
				5F0722BA2069CEB300582BC1 /* Main.storyboard in Resources */,
				5F699455206F5BF700B8980F /* DetailCollectionViewCell.xib in Resources */,
			);
			runOnlyForDeploymentPostprocessing = 0;
		};
		5F0722C32069CEB300582BC1 /* Resources */ = {
			isa = PBXResourcesBuildPhase;
			buildActionMask = 2147483647;
			files = (
			);
			runOnlyForDeploymentPostprocessing = 0;
		};
		5F0722CE2069CEB300582BC1 /* Resources */ = {
			isa = PBXResourcesBuildPhase;
			buildActionMask = 2147483647;
			files = (
			);
			runOnlyForDeploymentPostprocessing = 0;
		};
/* End PBXResourcesBuildPhase section */

/* Begin PBXShellScriptBuildPhase section */
		1B588CC4A5539B30C308D60F /* [CP] Embed Pods Frameworks */ = {
			isa = PBXShellScriptBuildPhase;
			buildActionMask = 2147483647;
			files = (
			);
			inputPaths = (
			);
			name = "[CP] Embed Pods Frameworks";
			outputPaths = (
			);
			runOnlyForDeploymentPostprocessing = 0;
			shellPath = /bin/sh;
			shellScript = "\"${SRCROOT}/Pods/Target Support Files/Pods-mobile-coding-challengeTests/Pods-mobile-coding-challengeTests-frameworks.sh\"\n";
			showEnvVarsInLog = 0;
		};
		296AC9EEB982E82EF3AEB327 /* [CP] Embed Pods Frameworks */ = {
			isa = PBXShellScriptBuildPhase;
			buildActionMask = 2147483647;
			files = (
			);
			inputPaths = (
				"${SRCROOT}/Pods/Target Support Files/Pods-mobile-coding-challenge/Pods-mobile-coding-challenge-frameworks.sh",
				"${BUILT_PRODUCTS_DIR}/Alamofire/Alamofire.framework",
				"${BUILT_PRODUCTS_DIR}/Kingfisher/Kingfisher.framework",
				"${BUILT_PRODUCTS_DIR}/SnapKit/SnapKit.framework",
			);
			name = "[CP] Embed Pods Frameworks";
			outputPaths = (
				"${TARGET_BUILD_DIR}/${FRAMEWORKS_FOLDER_PATH}/Alamofire.framework",
				"${TARGET_BUILD_DIR}/${FRAMEWORKS_FOLDER_PATH}/Kingfisher.framework",
				"${TARGET_BUILD_DIR}/${FRAMEWORKS_FOLDER_PATH}/SnapKit.framework",
			);
			runOnlyForDeploymentPostprocessing = 0;
			shellPath = /bin/sh;
			shellScript = "\"${SRCROOT}/Pods/Target Support Files/Pods-mobile-coding-challenge/Pods-mobile-coding-challenge-frameworks.sh\"\n";
			showEnvVarsInLog = 0;
		};
		508C6FC56A75CA76DB76BA5B /* [CP] Check Pods Manifest.lock */ = {
			isa = PBXShellScriptBuildPhase;
			buildActionMask = 2147483647;
			files = (
			);
			inputPaths = (
				"${PODS_PODFILE_DIR_PATH}/Podfile.lock",
				"${PODS_ROOT}/Manifest.lock",
			);
			name = "[CP] Check Pods Manifest.lock";
			outputPaths = (
				"$(DERIVED_FILE_DIR)/Pods-mobile-coding-challengeUITests-checkManifestLockResult.txt",
			);
			runOnlyForDeploymentPostprocessing = 0;
			shellPath = /bin/sh;
			shellScript = "diff \"${PODS_PODFILE_DIR_PATH}/Podfile.lock\" \"${PODS_ROOT}/Manifest.lock\" > /dev/null\nif [ $? != 0 ] ; then\n    # print error to STDERR\n    echo \"error: The sandbox is not in sync with the Podfile.lock. Run 'pod install' or update your CocoaPods installation.\" >&2\n    exit 1\nfi\n# This output is used by Xcode 'outputs' to avoid re-running this script phase.\necho \"SUCCESS\" > \"${SCRIPT_OUTPUT_FILE_0}\"\n";
			showEnvVarsInLog = 0;
		};
		5D6B1576EA89A2B06EFC1026 /* [CP] Copy Pods Resources */ = {
			isa = PBXShellScriptBuildPhase;
			buildActionMask = 2147483647;
			files = (
			);
			inputPaths = (
			);
			name = "[CP] Copy Pods Resources";
			outputPaths = (
			);
			runOnlyForDeploymentPostprocessing = 0;
			shellPath = /bin/sh;
			shellScript = "\"${SRCROOT}/Pods/Target Support Files/Pods-mobile-coding-challengeUITests/Pods-mobile-coding-challengeUITests-resources.sh\"\n";
			showEnvVarsInLog = 0;
		};
		62FAA0D3B5E75760FB03F770 /* [CP] Check Pods Manifest.lock */ = {
			isa = PBXShellScriptBuildPhase;
			buildActionMask = 2147483647;
			files = (
			);
			inputPaths = (
				"${PODS_PODFILE_DIR_PATH}/Podfile.lock",
				"${PODS_ROOT}/Manifest.lock",
			);
			name = "[CP] Check Pods Manifest.lock";
			outputPaths = (
				"$(DERIVED_FILE_DIR)/Pods-mobile-coding-challengeTests-checkManifestLockResult.txt",
			);
			runOnlyForDeploymentPostprocessing = 0;
			shellPath = /bin/sh;
			shellScript = "diff \"${PODS_PODFILE_DIR_PATH}/Podfile.lock\" \"${PODS_ROOT}/Manifest.lock\" > /dev/null\nif [ $? != 0 ] ; then\n    # print error to STDERR\n    echo \"error: The sandbox is not in sync with the Podfile.lock. Run 'pod install' or update your CocoaPods installation.\" >&2\n    exit 1\nfi\n# This output is used by Xcode 'outputs' to avoid re-running this script phase.\necho \"SUCCESS\" > \"${SCRIPT_OUTPUT_FILE_0}\"\n";
			showEnvVarsInLog = 0;
		};
		6B796206992EFA4F850D6568 /* [CP] Copy Pods Resources */ = {
			isa = PBXShellScriptBuildPhase;
			buildActionMask = 2147483647;
			files = (
			);
			inputPaths = (
			);
			name = "[CP] Copy Pods Resources";
			outputPaths = (
			);
			runOnlyForDeploymentPostprocessing = 0;
			shellPath = /bin/sh;
			shellScript = "\"${SRCROOT}/Pods/Target Support Files/Pods-mobile-coding-challenge/Pods-mobile-coding-challenge-resources.sh\"\n";
			showEnvVarsInLog = 0;
		};
		89FC83BFAEBE521551C80D9F /* [CP] Embed Pods Frameworks */ = {
			isa = PBXShellScriptBuildPhase;
			buildActionMask = 2147483647;
			files = (
			);
			inputPaths = (
			);
			name = "[CP] Embed Pods Frameworks";
			outputPaths = (
			);
			runOnlyForDeploymentPostprocessing = 0;
			shellPath = /bin/sh;
			shellScript = "\"${SRCROOT}/Pods/Target Support Files/Pods-mobile-coding-challengeUITests/Pods-mobile-coding-challengeUITests-frameworks.sh\"\n";
			showEnvVarsInLog = 0;
		};
		ADFDAE64822E1211E8BBD6A4 /* [CP] Copy Pods Resources */ = {
			isa = PBXShellScriptBuildPhase;
			buildActionMask = 2147483647;
			files = (
			);
			inputPaths = (
			);
			name = "[CP] Copy Pods Resources";
			outputPaths = (
			);
			runOnlyForDeploymentPostprocessing = 0;
			shellPath = /bin/sh;
			shellScript = "\"${SRCROOT}/Pods/Target Support Files/Pods-mobile-coding-challengeTests/Pods-mobile-coding-challengeTests-resources.sh\"\n";
			showEnvVarsInLog = 0;
		};
		B0AF55FA2DD00224AA5AC9A8 /* [CP] Check Pods Manifest.lock */ = {
			isa = PBXShellScriptBuildPhase;
			buildActionMask = 2147483647;
			files = (
			);
			inputPaths = (
				"${PODS_PODFILE_DIR_PATH}/Podfile.lock",
				"${PODS_ROOT}/Manifest.lock",
			);
			name = "[CP] Check Pods Manifest.lock";
			outputPaths = (
				"$(DERIVED_FILE_DIR)/Pods-mobile-coding-challenge-checkManifestLockResult.txt",
			);
			runOnlyForDeploymentPostprocessing = 0;
			shellPath = /bin/sh;
			shellScript = "diff \"${PODS_PODFILE_DIR_PATH}/Podfile.lock\" \"${PODS_ROOT}/Manifest.lock\" > /dev/null\nif [ $? != 0 ] ; then\n    # print error to STDERR\n    echo \"error: The sandbox is not in sync with the Podfile.lock. Run 'pod install' or update your CocoaPods installation.\" >&2\n    exit 1\nfi\n# This output is used by Xcode 'outputs' to avoid re-running this script phase.\necho \"SUCCESS\" > \"${SCRIPT_OUTPUT_FILE_0}\"\n";
			showEnvVarsInLog = 0;
		};
/* End PBXShellScriptBuildPhase section */

/* Begin PBXSourcesBuildPhase section */
		5F0722AD2069CEB300582BC1 /* Sources */ = {
			isa = PBXSourcesBuildPhase;
			buildActionMask = 2147483647;
			files = (
				5F07231B206BF38000582BC1 /* ViewControllerProtocol.swift in Sources */,
				5F699454206F5BF700B8980F /* DetailCollectionViewCell.swift in Sources */,
				5F0722FC206A272C00582BC1 /* CollectionViewController.swift in Sources */,
				5F0722F12069F90000582BC1 /* Photo.swift in Sources */,
				5F0722B72069CEB300582BC1 /* ViewController.swift in Sources */,
				5F072304206A2AC900582BC1 /* UIFont+Extension.swift in Sources */,
				5F072308206A2F8800582BC1 /* UIColor+Extension.swift in Sources */,
				5F072319206BF23A00582BC1 /* PresentAnimator.swift in Sources */,
				5F0722E62069E2F800582BC1 /* APIServiceProtocol.swift in Sources */,
				5F0722FA206A15D100582BC1 /* PhotoDetail.swift in Sources */,
				5F0722E82069F18500582BC1 /* PhotoRouter.swift in Sources */,
				5F0722F62069FEE100582BC1 /* DateFormatter.swift in Sources */,
				5F0722EA2069F19900582BC1 /* PhotoAPIService.swift in Sources */,
				5F07230A206A2FF700582BC1 /* String+Extension.swift in Sources */,
				5F0722FF206A295B00582BC1 /* CollectionViewCell.swift in Sources */,
				5F072315206BEBB000582BC1 /* DismissAnimator.swift in Sources */,
				5F072306206A2B6700582BC1 /* UIImageView+Extension.swift in Sources */,
				5F0722F32069FA6C00582BC1 /* User.swift in Sources */,
				5F0722EF2069F3B800582BC1 /* Constants.swift in Sources */,
				5F072317206BF1C500582BC1 /* DimmingPresentationController.swift in Sources */,
				5F69944F206F5BB000B8980F /* SwiftPhotoGallery.swift in Sources */,
				5F072310206A913A00582BC1 /* UIImage+Extension.swift in Sources */,
				5F0722E42069E26900582BC1 /* APIRouterProtocol.swift in Sources */,
				5F072312206A994500582BC1 /* UIView+Extension.swift in Sources */,
				5F0722B52069CEB300582BC1 /* AppDelegate.swift in Sources */,
			);
			runOnlyForDeploymentPostprocessing = 0;
		};
		5F0722C12069CEB300582BC1 /* Sources */ = {
			isa = PBXSourcesBuildPhase;
			buildActionMask = 2147483647;
			files = (
				5F0722CA2069CEB300582BC1 /* mobile_coding_challengeTests.swift in Sources */,
			);
			runOnlyForDeploymentPostprocessing = 0;
		};
		5F0722CC2069CEB300582BC1 /* Sources */ = {
			isa = PBXSourcesBuildPhase;
			buildActionMask = 2147483647;
			files = (
				5F0722D52069CEB300582BC1 /* mobile_coding_challengeUITests.swift in Sources */,
			);
			runOnlyForDeploymentPostprocessing = 0;
		};
/* End PBXSourcesBuildPhase section */

/* Begin PBXTargetDependency section */
		5F0722C72069CEB300582BC1 /* PBXTargetDependency */ = {
			isa = PBXTargetDependency;
			target = 5F0722B02069CEB300582BC1 /* mobile-coding-challenge */;
			targetProxy = 5F0722C62069CEB300582BC1 /* PBXContainerItemProxy */;
		};
		5F0722D22069CEB300582BC1 /* PBXTargetDependency */ = {
			isa = PBXTargetDependency;
			target = 5F0722B02069CEB300582BC1 /* mobile-coding-challenge */;
			targetProxy = 5F0722D12069CEB300582BC1 /* PBXContainerItemProxy */;
		};
/* End PBXTargetDependency section */

/* Begin PBXVariantGroup section */
		5F0722B82069CEB300582BC1 /* Main.storyboard */ = {
			isa = PBXVariantGroup;
			children = (
				5F0722B92069CEB300582BC1 /* Base */,
			);
			name = Main.storyboard;
			sourceTree = "<group>";
		};
		5F0722BD2069CEB300582BC1 /* LaunchScreen.storyboard */ = {
			isa = PBXVariantGroup;
			children = (
				5F0722BE2069CEB300582BC1 /* Base */,
			);
			name = LaunchScreen.storyboard;
			sourceTree = "<group>";
		};
/* End PBXVariantGroup section */

/* Begin XCBuildConfiguration section */
		5F0722D72069CEB300582BC1 /* Debug */ = {
			isa = XCBuildConfiguration;
			buildSettings = {
				ALWAYS_SEARCH_USER_PATHS = NO;
				CLANG_ANALYZER_NONNULL = YES;
				CLANG_ANALYZER_NUMBER_OBJECT_CONVERSION = YES_AGGRESSIVE;
				CLANG_CXX_LANGUAGE_STANDARD = "gnu++14";
				CLANG_CXX_LIBRARY = "libc++";
				CLANG_ENABLE_MODULES = YES;
				CLANG_ENABLE_OBJC_ARC = YES;
				CLANG_WARN_BLOCK_CAPTURE_AUTORELEASING = YES;
				CLANG_WARN_BOOL_CONVERSION = YES;
				CLANG_WARN_COMMA = YES;
				CLANG_WARN_CONSTANT_CONVERSION = YES;
				CLANG_WARN_DIRECT_OBJC_ISA_USAGE = YES_ERROR;
				CLANG_WARN_DOCUMENTATION_COMMENTS = YES;
				CLANG_WARN_EMPTY_BODY = YES;
				CLANG_WARN_ENUM_CONVERSION = YES;
				CLANG_WARN_INFINITE_RECURSION = YES;
				CLANG_WARN_INT_CONVERSION = YES;
				CLANG_WARN_NON_LITERAL_NULL_CONVERSION = YES;
				CLANG_WARN_OBJC_LITERAL_CONVERSION = YES;
				CLANG_WARN_OBJC_ROOT_CLASS = YES_ERROR;
				CLANG_WARN_RANGE_LOOP_ANALYSIS = YES;
				CLANG_WARN_STRICT_PROTOTYPES = YES;
				CLANG_WARN_SUSPICIOUS_MOVE = YES;
				CLANG_WARN_UNGUARDED_AVAILABILITY = YES_AGGRESSIVE;
				CLANG_WARN_UNREACHABLE_CODE = YES;
				CLANG_WARN__DUPLICATE_METHOD_MATCH = YES;
				CODE_SIGN_IDENTITY = "iPhone Developer";
				COPY_PHASE_STRIP = NO;
				DEBUG_INFORMATION_FORMAT = dwarf;
				ENABLE_STRICT_OBJC_MSGSEND = YES;
				ENABLE_TESTABILITY = YES;
				GCC_C_LANGUAGE_STANDARD = gnu11;
				GCC_DYNAMIC_NO_PIC = NO;
				GCC_NO_COMMON_BLOCKS = YES;
				GCC_OPTIMIZATION_LEVEL = 0;
				GCC_PREPROCESSOR_DEFINITIONS = (
					"DEBUG=1",
					"$(inherited)",
				);
				GCC_WARN_64_TO_32_BIT_CONVERSION = YES;
				GCC_WARN_ABOUT_RETURN_TYPE = YES_ERROR;
				GCC_WARN_UNDECLARED_SELECTOR = YES;
				GCC_WARN_UNINITIALIZED_AUTOS = YES_AGGRESSIVE;
				GCC_WARN_UNUSED_FUNCTION = YES;
				GCC_WARN_UNUSED_VARIABLE = YES;
				IPHONEOS_DEPLOYMENT_TARGET = 11.2;
				MTL_ENABLE_DEBUG_INFO = YES;
				ONLY_ACTIVE_ARCH = YES;
				SDKROOT = iphoneos;
				SWIFT_ACTIVE_COMPILATION_CONDITIONS = DEBUG;
				SWIFT_OPTIMIZATION_LEVEL = "-Onone";
			};
			name = Debug;
		};
		5F0722D82069CEB300582BC1 /* Release */ = {
			isa = XCBuildConfiguration;
			buildSettings = {
				ALWAYS_SEARCH_USER_PATHS = NO;
				CLANG_ANALYZER_NONNULL = YES;
				CLANG_ANALYZER_NUMBER_OBJECT_CONVERSION = YES_AGGRESSIVE;
				CLANG_CXX_LANGUAGE_STANDARD = "gnu++14";
				CLANG_CXX_LIBRARY = "libc++";
				CLANG_ENABLE_MODULES = YES;
				CLANG_ENABLE_OBJC_ARC = YES;
				CLANG_WARN_BLOCK_CAPTURE_AUTORELEASING = YES;
				CLANG_WARN_BOOL_CONVERSION = YES;
				CLANG_WARN_COMMA = YES;
				CLANG_WARN_CONSTANT_CONVERSION = YES;
				CLANG_WARN_DIRECT_OBJC_ISA_USAGE = YES_ERROR;
				CLANG_WARN_DOCUMENTATION_COMMENTS = YES;
				CLANG_WARN_EMPTY_BODY = YES;
				CLANG_WARN_ENUM_CONVERSION = YES;
				CLANG_WARN_INFINITE_RECURSION = YES;
				CLANG_WARN_INT_CONVERSION = YES;
				CLANG_WARN_NON_LITERAL_NULL_CONVERSION = YES;
				CLANG_WARN_OBJC_LITERAL_CONVERSION = YES;
				CLANG_WARN_OBJC_ROOT_CLASS = YES_ERROR;
				CLANG_WARN_RANGE_LOOP_ANALYSIS = YES;
				CLANG_WARN_STRICT_PROTOTYPES = YES;
				CLANG_WARN_SUSPICIOUS_MOVE = YES;
				CLANG_WARN_UNGUARDED_AVAILABILITY = YES_AGGRESSIVE;
				CLANG_WARN_UNREACHABLE_CODE = YES;
				CLANG_WARN__DUPLICATE_METHOD_MATCH = YES;
				CODE_SIGN_IDENTITY = "iPhone Developer";
				COPY_PHASE_STRIP = NO;
				DEBUG_INFORMATION_FORMAT = "dwarf-with-dsym";
				ENABLE_NS_ASSERTIONS = NO;
				ENABLE_STRICT_OBJC_MSGSEND = YES;
				GCC_C_LANGUAGE_STANDARD = gnu11;
				GCC_NO_COMMON_BLOCKS = YES;
				GCC_WARN_64_TO_32_BIT_CONVERSION = YES;
				GCC_WARN_ABOUT_RETURN_TYPE = YES_ERROR;
				GCC_WARN_UNDECLARED_SELECTOR = YES;
				GCC_WARN_UNINITIALIZED_AUTOS = YES_AGGRESSIVE;
				GCC_WARN_UNUSED_FUNCTION = YES;
				GCC_WARN_UNUSED_VARIABLE = YES;
				IPHONEOS_DEPLOYMENT_TARGET = 11.2;
				MTL_ENABLE_DEBUG_INFO = NO;
				SDKROOT = iphoneos;
				SWIFT_OPTIMIZATION_LEVEL = "-Owholemodule";
				VALIDATE_PRODUCT = YES;
			};
			name = Release;
		};
		5F0722DA2069CEB300582BC1 /* Debug */ = {
			isa = XCBuildConfiguration;
			baseConfigurationReference = 4B2F8EFC080D236125A35E22 /* Pods-mobile-coding-challenge.debug.xcconfig */;
			buildSettings = {
				ASSETCATALOG_COMPILER_APPICON_NAME = AppIcon;
				ASSETCATALOG_COMPILER_LAUNCHIMAGE_NAME = LaunchImage;
				CODE_SIGN_STYLE = Manual;
				DEVELOPMENT_TEAM = "";
				INFOPLIST_FILE = "mobile-coding-challenge/Info.plist";
				LD_RUNPATH_SEARCH_PATHS = "$(inherited) @executable_path/Frameworks";
				PRODUCT_BUNDLE_IDENTIFIER = "fei.mobile-coding-challenge";
				PRODUCT_NAME = "$(TARGET_NAME)";
				PROVISIONING_PROFILE_SPECIFIER = "";
				SWIFT_VERSION = 4.0;
				TARGETED_DEVICE_FAMILY = "1,2";
			};
			name = Debug;
		};
		5F0722DB2069CEB300582BC1 /* Release */ = {
			isa = XCBuildConfiguration;
			baseConfigurationReference = 605F0893D005125819F3ADAB /* Pods-mobile-coding-challenge.release.xcconfig */;
			buildSettings = {
				ASSETCATALOG_COMPILER_APPICON_NAME = AppIcon;
				ASSETCATALOG_COMPILER_LAUNCHIMAGE_NAME = LaunchImage;
				CODE_SIGN_STYLE = Manual;
				DEVELOPMENT_TEAM = "";
				INFOPLIST_FILE = "mobile-coding-challenge/Info.plist";
				LD_RUNPATH_SEARCH_PATHS = "$(inherited) @executable_path/Frameworks";
				PRODUCT_BUNDLE_IDENTIFIER = "fei.mobile-coding-challenge";
				PRODUCT_NAME = "$(TARGET_NAME)";
				PROVISIONING_PROFILE_SPECIFIER = "";
				SWIFT_VERSION = 4.0;
				TARGETED_DEVICE_FAMILY = "1,2";
			};
			name = Release;
		};
		5F0722DD2069CEB300582BC1 /* Debug */ = {
			isa = XCBuildConfiguration;
			baseConfigurationReference = CAEA61EDB20348B0B2473B03 /* Pods-mobile-coding-challengeTests.debug.xcconfig */;
			buildSettings = {
				ALWAYS_EMBED_SWIFT_STANDARD_LIBRARIES = YES;
				BUNDLE_LOADER = "$(TEST_HOST)";
				CODE_SIGN_STYLE = Automatic;
				INFOPLIST_FILE = "mobile-coding-challengeTests/Info.plist";
				LD_RUNPATH_SEARCH_PATHS = "$(inherited) @executable_path/Frameworks @loader_path/Frameworks";
				PRODUCT_BUNDLE_IDENTIFIER = "fei.mobile-coding-challengeTests";
				PRODUCT_NAME = "$(TARGET_NAME)";
				SWIFT_VERSION = 4.0;
				TARGETED_DEVICE_FAMILY = "1,2";
				TEST_HOST = "$(BUILT_PRODUCTS_DIR)/mobile-coding-challenge.app/mobile-coding-challenge";
			};
			name = Debug;
		};
		5F0722DE2069CEB300582BC1 /* Release */ = {
			isa = XCBuildConfiguration;
			baseConfigurationReference = 92F4879D04B5ED432F7D77AD /* Pods-mobile-coding-challengeTests.release.xcconfig */;
			buildSettings = {
				ALWAYS_EMBED_SWIFT_STANDARD_LIBRARIES = YES;
				BUNDLE_LOADER = "$(TEST_HOST)";
				CODE_SIGN_STYLE = Automatic;
				INFOPLIST_FILE = "mobile-coding-challengeTests/Info.plist";
				LD_RUNPATH_SEARCH_PATHS = "$(inherited) @executable_path/Frameworks @loader_path/Frameworks";
				PRODUCT_BUNDLE_IDENTIFIER = "fei.mobile-coding-challengeTests";
				PRODUCT_NAME = "$(TARGET_NAME)";
				SWIFT_VERSION = 4.0;
				TARGETED_DEVICE_FAMILY = "1,2";
				TEST_HOST = "$(BUILT_PRODUCTS_DIR)/mobile-coding-challenge.app/mobile-coding-challenge";
			};
			name = Release;
		};
		5F0722E02069CEB300582BC1 /* Debug */ = {
			isa = XCBuildConfiguration;
			baseConfigurationReference = D364A04AA5A4CA69BA51C2AD /* Pods-mobile-coding-challengeUITests.debug.xcconfig */;
			buildSettings = {
				ALWAYS_EMBED_SWIFT_STANDARD_LIBRARIES = YES;
				CODE_SIGN_STYLE = Automatic;
				INFOPLIST_FILE = "mobile-coding-challengeUITests/Info.plist";
				LD_RUNPATH_SEARCH_PATHS = "$(inherited) @executable_path/Frameworks @loader_path/Frameworks";
				PRODUCT_BUNDLE_IDENTIFIER = "fei.mobile-coding-challengeUITests";
				PRODUCT_NAME = "$(TARGET_NAME)";
				SWIFT_VERSION = 4.0;
				TARGETED_DEVICE_FAMILY = "1,2";
				TEST_TARGET_NAME = "mobile-coding-challenge";
			};
			name = Debug;
		};
		5F0722E12069CEB300582BC1 /* Release */ = {
			isa = XCBuildConfiguration;
			baseConfigurationReference = 0936C06E0D85D278B0C0C3A0 /* Pods-mobile-coding-challengeUITests.release.xcconfig */;
			buildSettings = {
				ALWAYS_EMBED_SWIFT_STANDARD_LIBRARIES = YES;
				CODE_SIGN_STYLE = Automatic;
				INFOPLIST_FILE = "mobile-coding-challengeUITests/Info.plist";
				LD_RUNPATH_SEARCH_PATHS = "$(inherited) @executable_path/Frameworks @loader_path/Frameworks";
				PRODUCT_BUNDLE_IDENTIFIER = "fei.mobile-coding-challengeUITests";
				PRODUCT_NAME = "$(TARGET_NAME)";
				SWIFT_VERSION = 4.0;
				TARGETED_DEVICE_FAMILY = "1,2";
				TEST_TARGET_NAME = "mobile-coding-challenge";
			};
			name = Release;
		};
/* End XCBuildConfiguration section */

/* Begin XCConfigurationList section */
		5F0722AC2069CEB300582BC1 /* Build configuration list for PBXProject "mobile-coding-challenge" */ = {
			isa = XCConfigurationList;
			buildConfigurations = (
				5F0722D72069CEB300582BC1 /* Debug */,
				5F0722D82069CEB300582BC1 /* Release */,
			);
			defaultConfigurationIsVisible = 0;
			defaultConfigurationName = Release;
		};
		5F0722D92069CEB300582BC1 /* Build configuration list for PBXNativeTarget "mobile-coding-challenge" */ = {
			isa = XCConfigurationList;
			buildConfigurations = (
				5F0722DA2069CEB300582BC1 /* Debug */,
				5F0722DB2069CEB300582BC1 /* Release */,
			);
			defaultConfigurationIsVisible = 0;
			defaultConfigurationName = Release;
		};
		5F0722DC2069CEB300582BC1 /* Build configuration list for PBXNativeTarget "mobile-coding-challengeTests" */ = {
			isa = XCConfigurationList;
			buildConfigurations = (
				5F0722DD2069CEB300582BC1 /* Debug */,
				5F0722DE2069CEB300582BC1 /* Release */,
			);
			defaultConfigurationIsVisible = 0;
			defaultConfigurationName = Release;
		};
		5F0722DF2069CEB300582BC1 /* Build configuration list for PBXNativeTarget "mobile-coding-challengeUITests" */ = {
			isa = XCConfigurationList;
			buildConfigurations = (
				5F0722E02069CEB300582BC1 /* Debug */,
				5F0722E12069CEB300582BC1 /* Release */,
			);
			defaultConfigurationIsVisible = 0;
			defaultConfigurationName = Release;
		};
/* End XCConfigurationList section */
	};
	rootObject = 5F0722A92069CEB300582BC1 /* Project object */;
}
